{
  "lockfileVersion": 1,
  "workspaces": {
    "": {
      "dependencies": {
        "@hookform/resolvers": "^5.1.0",
        "vite-tsconfig-paths": "^5.1.4",
        "zod": "^3.25.56",
      },
    },
  },
  "packages": {
    "@hookform/resolvers": ["@hookform/resolvers@5.1.0", "", { "dependencies": { "@standard-schema/utils": "^0.3.0" }, "peerDependencies": { "react-hook-form": "^7.55.0" } }, "sha512-A5tY8gxqvvR0lFfropqpy/gUDOxjwT7LZCxJ8lNA9puK7nFNRl/O0egGKxzdF4JSz/pnnT1O8g76P/YMyTBEFw=="],

    "@standard-schema/utils": ["@standard-schema/utils@0.3.0", "", {}, "sha512-e7Mew686owMaPJVNNLs55PUvgz371nKgwsc4vxE49zsODpJEnxgxRo2y/OKrqueavXgZNMDVj3DdHFlaSAeU8g=="],

    "debug": ["debug@4.4.1", "", { "dependencies": { "ms": "^2.1.3" } }, "sha512-KcKCqiftBJcZr++7ykoDIEwSa3XWowTfNPo92BYxjXiyYEVrUQh2aLyhxBCwww+heortUFxEJYcRzosstTEBYQ=="],

    "globrex": ["globrex@0.1.2", "", {}, "sha512-uHJgbwAMwNFf5mLst7IWLNg14x1CkeqglJb/K3doi4dw6q2IvAAmM/Y81kevy83wP+Sst+nutFTYOGg3d1lsxg=="],

    "ms": ["ms@2.1.3", "", {}, "sha512-6FlzubTLZG3J2a/NVCAleEhjzq5oxgHyaCU9yYXvcLsvoVaHJq/s5xXI6/XXP6tz7R9xAOtHnSO/tXtF3WRTlA=="],

    "react": ["react@19.1.0", "", {}, "sha512-FS+XFBNvn3GTAWq26joslQgWNoFu08F4kl0J4CgdNKADkdSGXQyTCnKteIAJy96Br6YbpEU1LSzV5dYtjMkMDg=="],

    "react-hook-form": ["react-hook-form@7.57.0", "", { "peerDependencies": { "react": "^16.8.0 || ^17 || ^18 || ^19" } }, "sha512-RbEks3+cbvTP84l/VXGUZ+JMrKOS8ykQCRYdm5aYsxnDquL0vspsyNhGRO7pcH6hsZqWlPOjLye7rJqdtdAmlg=="],

    "tsconfck": ["tsconfck@3.1.6", "", { "peerDependencies": { "typescript": "^5.0.0" }, "optionalPeers": ["typescript"], "bin": { "tsconfck": "bin/tsconfck.js" } }, "sha512-ks6Vjr/jEw0P1gmOVwutM3B7fWxoWBL2KRDb1JfqGVawBmO5UsvmWOQFGHBPl5yxYz4eERr19E6L7NMv+Fej4w=="],

    "vite-tsconfig-paths": ["vite-tsconfig-paths@5.1.4", "", { "dependencies": { "debug": "^4.1.1", "globrex": "^0.1.2", "tsconfck": "^3.0.3" }, "peerDependencies": { "vite": "*" }, "optionalPeers": ["vite"] }, "sha512-cYj0LRuLV2c2sMqhqhGpaO3LretdtMn/BVX4cPLanIZuwwrkVl+lK84E/miEXkCHWXuq65rhNN4rXsBcOB3S4w=="],

    "zod": ["zod@3.25.56", "", {}, "sha512-rd6eEF3BTNvQnR2e2wwolfTmUTnp70aUTqr0oaGbHifzC3BKJsoV+Gat8vxUMR1hwOKBs6El+qWehrHbCpW6SQ=="],
  }
}
